{
  "version": 4,
  "terraform_version": "0.13.5",
  "serial": 25,
  "lineage": "529f3aa9-44f1-03ed-16b3-f68c793c97f2",
  "outputs": {},
  "resources": [
    {
      "mode": "managed",
      "type": "aws_instance",
      "name": "web",
      "provider": "provider[\"registry.terraform.io/hashicorp/aws\"]",
      "instances": [
        {
          "schema_version": 1,
          "attributes": {
            "ami": "ami-038f1ca1bd58a5790",
            "arn": "arn:aws:ec2:us-east-1:076188500293:instance/i-02758c42b88eb6742",
            "associate_public_ip_address": true,
            "availability_zone": "us-east-1c",
            "cpu_core_count": 1,
            "cpu_threads_per_core": 1,
            "credit_specification": [
              {
                "cpu_credits": "standard"
              }
            ],
            "disable_api_termination": false,
            "ebs_block_device": [],
            "ebs_optimized": false,
            "enclave_options": [
              {
                "enabled": false
              }
            ],
            "ephemeral_block_device": [],
            "get_password_data": false,
            "hibernation": false,
            "host_id": null,
            "iam_instance_profile": "",
            "id": "i-02758c42b88eb6742",
            "instance_initiated_shutdown_behavior": null,
            "instance_state": "running",
            "instance_type": "t2.micro",
            "ipv6_address_count": 0,
            "ipv6_addresses": [],
            "key_name": "",
            "metadata_options": [
              {
                "http_endpoint": "enabled",
                "http_put_response_hop_limit": 1,
                "http_tokens": "optional"
              }
            ],
            "monitoring": false,
            "network_interface": [],
            "outpost_arn": "",
            "password_data": "",
            "placement_group": "",
            "primary_network_interface_id": "eni-05d3ece6022959e8d",
            "private_dns": "ip-172-31-85-98.ec2.internal",
            "private_ip": "172.31.85.98",
            "public_dns": "ec2-3-92-133-51.compute-1.amazonaws.com",
            "public_ip": "3.92.133.51",
            "root_block_device": [
              {
                "delete_on_termination": true,
                "device_name": "/dev/xvda",
                "encrypted": false,
                "iops": 100,
                "kms_key_id": "",
                "tags": {},
                "throughput": 0,
                "volume_id": "vol-01930f76861e410e9",
                "volume_size": 8,
                "volume_type": "gp2"
              }
            ],
            "secondary_private_ips": [],
            "security_groups": [
              "default"
            ],
            "source_dest_check": true,
            "subnet_id": "subnet-88a62fa9",
            "tags": {
              "Environment": "Dev",
              "Name": "Java_App"
            },
            "tenancy": "default",
            "timeouts": null,
            "user_data": null,
            "user_data_base64": null,
            "volume_tags": null,
            "vpc_security_group_ids": [
              "sg-ab28cc9c"
            ]
          },
          "private": "eyJlMmJmYjczMC1lY2FhLTExZTYtOGY4OC0zNDM2M2JjN2M0YzAiOnsiY3JlYXRlIjo2MDAwMDAwMDAwMDAsImRlbGV0ZSI6MTIwMDAwMDAwMDAwMCwidXBkYXRlIjo2MDAwMDAwMDAwMDB9LCJzY2hlbWFfdmVyc2lvbiI6IjEifQ=="
        }
      ]
    },
    {
      "mode": "managed",
      "type": "aws_key_pair",
      "name": "tayo",
      "provider": "provider[\"registry.terraform.io/hashicorp/aws\"]",
      "instances": [
        {
          "schema_version": 1,
          "attributes": {
            "arn": "arn:aws:ec2:us-east-1:076188500293:key-pair/terraform-key",
            "fingerprint": "a9:13:fa:77:9f:05:cd:c4:45:50:ff:00:9e:8d:36:07",
            "id": "terraform-key",
            "key_name": "terraform-key",
            "key_name_prefix": null,
            "key_pair_id": "key-0ce61218aa1120920",
            "public_key": "ssh-rsa AAAAB3NzaC1yc2EAAAADAQABAAABgQCxvFhDTX3zYgdHT3tmHWkUcVP/NGgE0N3Yoq2SFQv15eqHHx+HXNdj4S3d+3kKwwndP8q773O5BZS1RYxeRVf5EtfzG01ZHfP3OnhFH+nAsTfaS11RaGICkMkYW4YkkdyW6PAPmke9nrIz3wN133nPaN6ChJ6wv2KERJrhtsTi1CJOXOEfqrS2N2M4tHAFBbeKazndrj+dN3WkokzTrN8DffTLo5ro+dgiHa9ShKbzceRq11SkErjSoxuF1XIrm47YPpAgiGsPGGCunENBxx3DIM3HvOleVvjiE43unWzlaRnBI+7juMkxbgCZXYlxJK5LaOYZ8CwJclfIYhn0Iu9B9brFrTDxzEEBzFQ51FG/p7Z9SA1RXTuR/IytqYSeplYi+RCG7b+4G26aQrQS7PhZ+XKIBmD8gAqfArSs/wOxd3vlG22lqXgHqCN7138Fjhyz8/IwMASFdbNvFMyWnYNicPpITdMPipBS7IZUHwY+FTzbM+G8Ws4dEBxBuyNIs2M= tayo@Olaitans-MBP.lan",
            "tags": null
          },
          "private": "eyJzY2hlbWFfdmVyc2lvbiI6IjEifQ=="
        }
      ]
    },
    {
      "mode": "managed",
      "type": "aws_s3_bucket",
      "name": "tayobuc",
      "provider": "provider[\"registry.terraform.io/hashicorp/aws\"]",
      "instances": [
        {
          "schema_version": 0,
          "attributes": {
            "acceleration_status": "",
            "acl": "public-read",
            "arn": "arn:aws:s3:::s3-website-test4",
            "bucket": "s3-website-test4",
            "bucket_domain_name": "s3-website-test4.s3.amazonaws.com",
            "bucket_prefix": null,
            "bucket_regional_domain_name": "s3-website-test4.s3.amazonaws.com",
            "cors_rule": [],
            "force_destroy": false,
            "grant": [],
            "hosted_zone_id": "Z3AQBSTGFYJSTF",
            "id": "s3-website-test4",
            "lifecycle_rule": [],
            "logging": [],
            "object_lock_configuration": [],
            "policy": null,
            "region": "us-east-1",
            "replication_configuration": [],
            "request_payer": "BucketOwner",
            "server_side_encryption_configuration": [],
            "tags": null,
            "versioning": [
              {
                "enabled": false,
                "mfa_delete": false
              }
            ],
            "website": [
              {
                "error_document": "error.html",
                "index_document": "index.html",
                "redirect_all_requests_to": "",
                "routing_rules": "[{\"Condition\":{\"KeyPrefixEquals\":\"docs/\"},\"Redirect\":{\"ReplaceKeyPrefixWith\":\"documents/\"}}]"
              }
            ],
            "website_domain": "s3-website-us-east-1.amazonaws.com",
            "website_endpoint": "s3-website-test4.s3-website-us-east-1.amazonaws.com"
          },
          "private": "bnVsbA=="
        }
      ]
    }
  ]
}
